
Microsoft Visual Studio Solution File, Format Version 12.00
# Visual Studio 15
VisualStudioVersion = 15.0.27130.2026
MinimumVisualStudioVersion = 10.0.40219.1
Project("{FAE04EC0-301F-11D3-BF4B-00C04F79EFBC}") = "Script-Browser", "SCript-Browser\Script-Browser.csproj", "{B8997731-77A0-4AE2-A2A1-05680061B9C3}"
EndProject
Project("{FAE04EC0-301F-11D3-BF4B-00C04F79EFBC}") = "Download-Manager", "Download-Manager\Download-Manager.csproj", "{D0AE5B91-B6B5-40AB-8AD9-9805579E8F70}"
EndProject
Project("{FAE04EC0-301F-11D3-BF4B-00C04F79EFBC}") = "SaveManager", "SaveManager\SaveManager.csproj", "{9E42AF62-DE0F-41CB-9DA2-393FB4BDCA6A}"
EndProject
Project("{FAE04EC0-301F-11D3-BF4B-00C04F79EFBC}") = "Uninstaller", "Uninstaller\Uninstaller.csproj", "{1E693E40-3899-4AED-98A9-3F65C97B6EB1}"
EndProject
Project("{FAE04EC0-301F-11D3-BF4B-00C04F79EFBC}") = "SplashScreen", "SplashScreen\SplashScreen.csproj", "{916603EC-003A-4004-97C6-C3AE4190A690}"
EndProject
Project("{FAE04EC0-301F-11D3-BF4B-00C04F79EFBC}") = "UpdateLogger", "UpdateLogger\UpdateLogger.csproj", "{CE5F09B1-591B-4A22-90B0-795ADD21F791}"
EndProject
Project("{FAE04EC0-301F-11D3-BF4B-00C04F79EFBC}") = "Updater", "Updater\Updater.csproj", "{6EFA4C9C-8BBB-43A8-A6F8-ACE72CC76589}"
EndProject
Project("{8BC9CEB8-8B4A-11D0-8D11-00A0C91BC942}") = "InstallerCheck", "InstallerCheck\InstallerCheck.vcxproj", "{C0AB7F90-1176-4170-8F63-CA1F7C844B1B}"
EndProject
Global
	GlobalSection(SolutionConfigurationPlatforms) = preSolution
		Debug|Any CPU = Debug|Any CPU
		Debug|x64 = Debug|x64
		Debug|x86 = Debug|x86
		Release|Any CPU = Release|Any CPU
		Release|x64 = Release|x64
		Release|x86 = Release|x86
	EndGlobalSection
	GlobalSection(ProjectConfigurationPlatforms) = postSolution
		{B8997731-77A0-4AE2-A2A1-05680061B9C3}.Debug|Any CPU.ActiveCfg = Debug|Any CPU
		{B8997731-77A0-4AE2-A2A1-05680061B9C3}.Debug|Any CPU.Build.0 = Debug|Any CPU
		{B8997731-77A0-4AE2-A2A1-05680061B9C3}.Debug|x64.ActiveCfg = Debug|x64
		{B8997731-77A0-4AE2-A2A1-05680061B9C3}.Debug|x64.Build.0 = Debug|x64
		{B8997731-77A0-4AE2-A2A1-05680061B9C3}.Debug|x86.ActiveCfg = Debug|Any CPU
		{B8997731-77A0-4AE2-A2A1-05680061B9C3}.Debug|x86.Build.0 = Debug|Any CPU
		{B8997731-77A0-4AE2-A2A1-05680061B9C3}.Release|Any CPU.ActiveCfg = Release|Any CPU
		{B8997731-77A0-4AE2-A2A1-05680061B9C3}.Release|Any CPU.Build.0 = Release|Any CPU
		{B8997731-77A0-4AE2-A2A1-05680061B9C3}.Release|x64.ActiveCfg = Release|x64
		{B8997731-77A0-4AE2-A2A1-05680061B9C3}.Release|x64.Build.0 = Release|x64
		{B8997731-77A0-4AE2-A2A1-05680061B9C3}.Release|x86.ActiveCfg = Release|Any CPU
		{B8997731-77A0-4AE2-A2A1-05680061B9C3}.Release|x86.Build.0 = Release|Any CPU
		{D0AE5B91-B6B5-40AB-8AD9-9805579E8F70}.Debug|Any CPU.ActiveCfg = Debug|Any CPU
		{D0AE5B91-B6B5-40AB-8AD9-9805579E8F70}.Debug|Any CPU.Build.0 = Debug|Any CPU
		{D0AE5B91-B6B5-40AB-8AD9-9805579E8F70}.Debug|x64.ActiveCfg = Debug|Any CPU
		{D0AE5B91-B6B5-40AB-8AD9-9805579E8F70}.Debug|x64.Build.0 = Debug|Any CPU
		{D0AE5B91-B6B5-40AB-8AD9-9805579E8F70}.Debug|x86.ActiveCfg = Debug|Any CPU
		{D0AE5B91-B6B5-40AB-8AD9-9805579E8F70}.Debug|x86.Build.0 = Debug|Any CPU
		{D0AE5B91-B6B5-40AB-8AD9-9805579E8F70}.Release|Any CPU.ActiveCfg = Release|Any CPU
		{D0AE5B91-B6B5-40AB-8AD9-9805579E8F70}.Release|Any CPU.Build.0 = Release|Any CPU
		{D0AE5B91-B6B5-40AB-8AD9-9805579E8F70}.Release|x64.ActiveCfg = Release|Any CPU
		{D0AE5B91-B6B5-40AB-8AD9-9805579E8F70}.Release|x64.Build.0 = Release|Any CPU
		{D0AE5B91-B6B5-40AB-8AD9-9805579E8F70}.Release|x86.ActiveCfg = Release|Any CPU
		{D0AE5B91-B6B5-40AB-8AD9-9805579E8F70}.Release|x86.Build.0 = Release|Any CPU
		{9E42AF62-DE0F-41CB-9DA2-393FB4BDCA6A}.Debug|Any CPU.ActiveCfg = Debug|Any CPU
		{9E42AF62-DE0F-41CB-9DA2-393FB4BDCA6A}.Debug|Any CPU.Build.0 = Debug|Any CPU
		{9E42AF62-DE0F-41CB-9DA2-393FB4BDCA6A}.Debug|x64.ActiveCfg = Debug|Any CPU
		{9E42AF62-DE0F-41CB-9DA2-393FB4BDCA6A}.Debug|x64.Build.0 = Debug|Any CPU
		{9E42AF62-DE0F-41CB-9DA2-393FB4BDCA6A}.Debug|x86.ActiveCfg = Debug|Any CPU
		{9E42AF62-DE0F-41CB-9DA2-393FB4BDCA6A}.Debug|x86.Build.0 = Debug|Any CPU
		{9E42AF62-DE0F-41CB-9DA2-393FB4BDCA6A}.Release|Any CPU.ActiveCfg = Release|Any CPU
		{9E42AF62-DE0F-41CB-9DA2-393FB4BDCA6A}.Release|Any CPU.Build.0 = Release|Any CPU
		{9E42AF62-DE0F-41CB-9DA2-393FB4BDCA6A}.Release|x64.ActiveCfg = Release|Any CPU
		{9E42AF62-DE0F-41CB-9DA2-393FB4BDCA6A}.Release|x64.Build.0 = Release|Any CPU
		{9E42AF62-DE0F-41CB-9DA2-393FB4BDCA6A}.Release|x86.ActiveCfg = Release|Any CPU
		{9E42AF62-DE0F-41CB-9DA2-393FB4BDCA6A}.Release|x86.Build.0 = Release|Any CPU
		{1E693E40-3899-4AED-98A9-3F65C97B6EB1}.Debug|Any CPU.ActiveCfg = Debug|Any CPU
		{1E693E40-3899-4AED-98A9-3F65C97B6EB1}.Debug|Any CPU.Build.0 = Debug|Any CPU
		{1E693E40-3899-4AED-98A9-3F65C97B6EB1}.Debug|x64.ActiveCfg = Debug|Any CPU
		{1E693E40-3899-4AED-98A9-3F65C97B6EB1}.Debug|x64.Build.0 = Debug|Any CPU
		{1E693E40-3899-4AED-98A9-3F65C97B6EB1}.Debug|x86.ActiveCfg = Debug|Any CPU
		{1E693E40-3899-4AED-98A9-3F65C97B6EB1}.Debug|x86.Build.0 = Debug|Any CPU
		{1E693E40-3899-4AED-98A9-3F65C97B6EB1}.Release|Any CPU.ActiveCfg = Release|Any CPU
		{1E693E40-3899-4AED-98A9-3F65C97B6EB1}.Release|Any CPU.Build.0 = Release|Any CPU
		{1E693E40-3899-4AED-98A9-3F65C97B6EB1}.Release|x64.ActiveCfg = Release|Any CPU
		{1E693E40-3899-4AED-98A9-3F65C97B6EB1}.Release|x64.Build.0 = Release|Any CPU
		{1E693E40-3899-4AED-98A9-3F65C97B6EB1}.Release|x86.ActiveCfg = Release|Any CPU
		{1E693E40-3899-4AED-98A9-3F65C97B6EB1}.Release|x86.Build.0 = Release|Any CPU
		{916603EC-003A-4004-97C6-C3AE4190A690}.Debug|Any CPU.ActiveCfg = Debug|Any CPU
		{916603EC-003A-4004-97C6-C3AE4190A690}.Debug|Any CPU.Build.0 = Debug|Any CPU
		{916603EC-003A-4004-97C6-C3AE4190A690}.Debug|x64.ActiveCfg = Debug|Any CPU
		{916603EC-003A-4004-97C6-C3AE4190A690}.Debug|x64.Build.0 = Debug|Any CPU
		{916603EC-003A-4004-97C6-C3AE4190A690}.Debug|x86.ActiveCfg = Debug|Any CPU
		{916603EC-003A-4004-97C6-C3AE4190A690}.Debug|x86.Build.0 = Debug|Any CPU
		{916603EC-003A-4004-97C6-C3AE4190A690}.Release|Any CPU.ActiveCfg = Release|Any CPU
		{916603EC-003A-4004-97C6-C3AE4190A690}.Release|Any CPU.Build.0 = Release|Any CPU
		{916603EC-003A-4004-97C6-C3AE4190A690}.Release|x64.ActiveCfg = Release|Any CPU
		{916603EC-003A-4004-97C6-C3AE4190A690}.Release|x64.Build.0 = Release|Any CPU
		{916603EC-003A-4004-97C6-C3AE4190A690}.Release|x86.ActiveCfg = Release|Any CPU
		{916603EC-003A-4004-97C6-C3AE4190A690}.Release|x86.Build.0 = Release|Any CPU
		{CE5F09B1-591B-4A22-90B0-795ADD21F791}.Debug|Any CPU.ActiveCfg = Debug|Any CPU
		{CE5F09B1-591B-4A22-90B0-795ADD21F791}.Debug|Any CPU.Build.0 = Debug|Any CPU
		{CE5F09B1-591B-4A22-90B0-795ADD21F791}.Debug|x64.ActiveCfg = Debug|Any CPU
		{CE5F09B1-591B-4A22-90B0-795ADD21F791}.Debug|x64.Build.0 = Debug|Any CPU
		{CE5F09B1-591B-4A22-90B0-795ADD21F791}.Debug|x86.ActiveCfg = Debug|Any CPU
		{CE5F09B1-591B-4A22-90B0-795ADD21F791}.Debug|x86.Build.0 = Debug|Any CPU
		{CE5F09B1-591B-4A22-90B0-795ADD21F791}.Release|Any CPU.ActiveCfg = Release|Any CPU
		{CE5F09B1-591B-4A22-90B0-795ADD21F791}.Release|Any CPU.Build.0 = Release|Any CPU
		{CE5F09B1-591B-4A22-90B0-795ADD21F791}.Release|x64.ActiveCfg = Release|Any CPU
		{CE5F09B1-591B-4A22-90B0-795ADD21F791}.Release|x64.Build.0 = Release|Any CPU
		{CE5F09B1-591B-4A22-90B0-795ADD21F791}.Release|x86.ActiveCfg = Release|Any CPU
		{CE5F09B1-591B-4A22-90B0-795ADD21F791}.Release|x86.Build.0 = Release|Any CPU
		{6EFA4C9C-8BBB-43A8-A6F8-ACE72CC76589}.Debug|Any CPU.ActiveCfg = Debug|Any CPU
		{6EFA4C9C-8BBB-43A8-A6F8-ACE72CC76589}.Debug|Any CPU.Build.0 = Debug|Any CPU
		{6EFA4C9C-8BBB-43A8-A6F8-ACE72CC76589}.Debug|x64.ActiveCfg = Debug|Any CPU
		{6EFA4C9C-8BBB-43A8-A6F8-ACE72CC76589}.Debug|x64.Build.0 = Debug|Any CPU
		{6EFA4C9C-8BBB-43A8-A6F8-ACE72CC76589}.Debug|x86.ActiveCfg = Debug|Any CPU
		{6EFA4C9C-8BBB-43A8-A6F8-ACE72CC76589}.Debug|x86.Build.0 = Debug|Any CPU
		{6EFA4C9C-8BBB-43A8-A6F8-ACE72CC76589}.Release|Any CPU.ActiveCfg = Release|Any CPU
		{6EFA4C9C-8BBB-43A8-A6F8-ACE72CC76589}.Release|Any CPU.Build.0 = Release|Any CPU
		{6EFA4C9C-8BBB-43A8-A6F8-ACE72CC76589}.Release|x64.ActiveCfg = Release|Any CPU
		{6EFA4C9C-8BBB-43A8-A6F8-ACE72CC76589}.Release|x64.Build.0 = Release|Any CPU
		{6EFA4C9C-8BBB-43A8-A6F8-ACE72CC76589}.Release|x86.ActiveCfg = Release|Any CPU
		{6EFA4C9C-8BBB-43A8-A6F8-ACE72CC76589}.Release|x86.Build.0 = Release|Any CPU
		{C0AB7F90-1176-4170-8F63-CA1F7C844B1B}.Debug|Any CPU.ActiveCfg = Debug|Win32
		{C0AB7F90-1176-4170-8F63-CA1F7C844B1B}.Debug|x64.ActiveCfg = Debug|x64
		{C0AB7F90-1176-4170-8F63-CA1F7C844B1B}.Debug|x64.Build.0 = Debug|x64
		{C0AB7F90-1176-4170-8F63-CA1F7C844B1B}.Debug|x86.ActiveCfg = Debug|Win32
		{C0AB7F90-1176-4170-8F63-CA1F7C844B1B}.Debug|x86.Build.0 = Debug|Win32
		{C0AB7F90-1176-4170-8F63-CA1F7C844B1B}.Release|Any CPU.ActiveCfg = Release|Win32
		{C0AB7F90-1176-4170-8F63-CA1F7C844B1B}.Release|x64.ActiveCfg = Release|x64
		{C0AB7F90-1176-4170-8F63-CA1F7C844B1B}.Release|x64.Build.0 = Release|x64
		{C0AB7F90-1176-4170-8F63-CA1F7C844B1B}.Release|x86.ActiveCfg = Release|Win32
		{C0AB7F90-1176-4170-8F63-CA1F7C844B1B}.Release|x86.Build.0 = Release|Win32
	EndGlobalSection
	GlobalSection(SolutionProperties) = preSolution
		HideSolutionNode = FALSE
	EndGlobalSection
	GlobalSection(ExtensibilityGlobals) = postSolution
		SolutionGuid = {C81506F0-9B4E-4CD3-8FF5-A5FE6FC533BE}
	EndGlobalSection
EndGlobal
