
Microsoft Visual Studio Solution File, Format Version 12.00
# Visual Studio 15
VisualStudioVersion = 15.0.27130.2026
MinimumVisualStudioVersion = 10.0.40219.1
Project("{FAE04EC0-301F-11D3-BF4B-00C04F79EFBC}") = "Script-Browser", "SCript-Browser\Script-Browser.csproj", "{B8997731-77A0-4AE2-A2A1-05680061B9C3}"
EndProject
Project("{FAE04EC0-301F-11D3-BF4B-00C04F79EFBC}") = "Download-Manager", "Download-Manager\Download-Manager.csproj", "{D0AE5B91-B6B5-40AB-8AD9-9805579E8F70}"
EndProject
Project("{FAE04EC0-301F-11D3-BF4B-00C04F79EFBC}") = "SaveManager", "SaveManager\SaveManager.csproj", "{9E42AF62-DE0F-41CB-9DA2-393FB4BDCA6A}"
EndProject
Project("{FAE04EC0-301F-11D3-BF4B-00C04F79EFBC}") = "Uninstaller", "Uninstaller\Uninstaller.csproj", "{1E693E40-3899-4AED-98A9-3F65C97B6EB1}"
EndProject
Project("{FAE04EC0-301F-11D3-BF4B-00C04F79EFBC}") = "Updater", "Updater\Updater.csproj", "{8BCAC6F3-CEC8-409D-BC68-299C7A7DDE36}"
EndProject
Global
	GlobalSection(SolutionConfigurationPlatforms) = preSolution
		Debug|Any CPU = Debug|Any CPU
		Release|Any CPU = Release|Any CPU
	EndGlobalSection
	GlobalSection(ProjectConfigurationPlatforms) = postSolution
		{B8997731-77A0-4AE2-A2A1-05680061B9C3}.Debug|Any CPU.ActiveCfg = Debug|Any CPU
		{B8997731-77A0-4AE2-A2A1-05680061B9C3}.Debug|Any CPU.Build.0 = Debug|Any CPU
		{B8997731-77A0-4AE2-A2A1-05680061B9C3}.Release|Any CPU.ActiveCfg = Release|Any CPU
		{B8997731-77A0-4AE2-A2A1-05680061B9C3}.Release|Any CPU.Build.0 = Release|Any CPU
		{D0AE5B91-B6B5-40AB-8AD9-9805579E8F70}.Debug|Any CPU.ActiveCfg = Debug|Any CPU
		{D0AE5B91-B6B5-40AB-8AD9-9805579E8F70}.Debug|Any CPU.Build.0 = Debug|Any CPU
		{D0AE5B91-B6B5-40AB-8AD9-9805579E8F70}.Release|Any CPU.ActiveCfg = Release|Any CPU
		{D0AE5B91-B6B5-40AB-8AD9-9805579E8F70}.Release|Any CPU.Build.0 = Release|Any CPU
		{9E42AF62-DE0F-41CB-9DA2-393FB4BDCA6A}.Debug|Any CPU.ActiveCfg = Debug|Any CPU
		{9E42AF62-DE0F-41CB-9DA2-393FB4BDCA6A}.Debug|Any CPU.Build.0 = Debug|Any CPU
		{9E42AF62-DE0F-41CB-9DA2-393FB4BDCA6A}.Release|Any CPU.ActiveCfg = Release|Any CPU
		{9E42AF62-DE0F-41CB-9DA2-393FB4BDCA6A}.Release|Any CPU.Build.0 = Release|Any CPU
		{1E693E40-3899-4AED-98A9-3F65C97B6EB1}.Debug|Any CPU.ActiveCfg = Debug|Any CPU
		{1E693E40-3899-4AED-98A9-3F65C97B6EB1}.Debug|Any CPU.Build.0 = Debug|Any CPU
		{1E693E40-3899-4AED-98A9-3F65C97B6EB1}.Release|Any CPU.ActiveCfg = Release|Any CPU
		{1E693E40-3899-4AED-98A9-3F65C97B6EB1}.Release|Any CPU.Build.0 = Release|Any CPU
		{8BCAC6F3-CEC8-409D-BC68-299C7A7DDE36}.Debug|Any CPU.ActiveCfg = Debug|Any CPU
		{8BCAC6F3-CEC8-409D-BC68-299C7A7DDE36}.Debug|Any CPU.Build.0 = Debug|Any CPU
		{8BCAC6F3-CEC8-409D-BC68-299C7A7DDE36}.Release|Any CPU.ActiveCfg = Release|Any CPU
		{8BCAC6F3-CEC8-409D-BC68-299C7A7DDE36}.Release|Any CPU.Build.0 = Release|Any CPU
	EndGlobalSection
	GlobalSection(SolutionProperties) = preSolution
		HideSolutionNode = FALSE
	EndGlobalSection
	GlobalSection(ExtensibilityGlobals) = postSolution
		SolutionGuid = {C81506F0-9B4E-4CD3-8FF5-A5FE6FC533BE}
	EndGlobalSection
EndGlobal
